
Microsoft Visual Studio Solution File, Format Version 12.00
# Visual Studio Version 16
VisualStudioVersion = 16.0.30320.27
MinimumVisualStudioVersion = 10.0.40219.1
Project("{9092AA53-FB77-4645-B42D-1CCCA6BD08BD}") = "myazuresol", "myazuresol\myazuresol.njsproj", "{6E71AE58-445C-4FE0-AA4B-D7B4C73700CB}"
EndProject
Global
	GlobalSection(SolutionConfigurationPlatforms) = preSolution
		Debug|Any CPU = Debug|Any CPU
		Release|Any CPU = Release|Any CPU
	EndGlobalSection
	GlobalSection(ProjectConfigurationPlatforms) = postSolution
		{6E71AE58-445C-4FE0-AA4B-D7B4C73700CB}.Debug|Any CPU.ActiveCfg = Debug|Any CPU
		{6E71AE58-445C-4FE0-AA4B-D7B4C73700CB}.Debug|Any CPU.Build.0 = Debug|Any CPU
		{6E71AE58-445C-4FE0-AA4B-D7B4C73700CB}.Release|Any CPU.ActiveCfg = Release|Any CPU
		{6E71AE58-445C-4FE0-AA4B-D7B4C73700CB}.Release|Any CPU.Build.0 = Release|Any CPU
	EndGlobalSection
	GlobalSection(SolutionProperties) = preSolution
		HideSolutionNode = FALSE
	EndGlobalSection
	GlobalSection(ExtensibilityGlobals) = postSolution
		SolutionGuid = {2C13B44F-63C7-40E2-A5E6-C8CD6AB85F54}
	EndGlobalSection
EndGlobal
